// !$*UTF8*$!
{
	archiveVersion = 1;
	classes = {
	};
	objectVersion = 50;
	objects = {

/* Begin PBXBuildFile section */
		F13213FA258D22AC002E1F66 /* FructusApp.swift in Sources */ = {isa = PBXBuildFile; fileRef = F13213F9258D22AC002E1F66 /* FructusApp.swift */; };
		F13213FC258D22AC002E1F66 /* ContentView.swift in Sources */ = {isa = PBXBuildFile; fileRef = F13213FB258D22AC002E1F66 /* ContentView.swift */; };
		F13213FE258D22AD002E1F66 /* Assets.xcassets in Resources */ = {isa = PBXBuildFile; fileRef = F13213FD258D22AD002E1F66 /* Assets.xcassets */; };
		F1321401258D22AD002E1F66 /* Preview Assets.xcassets in Resources */ = {isa = PBXBuildFile; fileRef = F1321400258D22AD002E1F66 /* Preview Assets.xcassets */; };
		F132140D258D3851002E1F66 /* FruitCard.swift in Sources */ = {isa = PBXBuildFile; fileRef = F132140C258D3851002E1F66 /* FruitCard.swift */; };
		F1321410258D5170002E1F66 /* StartButtonView.swift in Sources */ = {isa = PBXBuildFile; fileRef = F132140F258D516F002E1F66 /* StartButtonView.swift */; };
		F1321413258D6148002E1F66 /* OnboardingView.swift in Sources */ = {isa = PBXBuildFile; fileRef = F1321412258D6148002E1F66 /* OnboardingView.swift */; };
		F1321417258D656A002E1F66 /* FruitModel.swift in Sources */ = {isa = PBXBuildFile; fileRef = F1321416258D656A002E1F66 /* FruitModel.swift */; };
		F132141B258D6741002E1F66 /* FruitData.swift in Sources */ = {isa = PBXBuildFile; fileRef = F132141A258D6741002E1F66 /* FruitData.swift */; };
		F1397BB2258FC7C000375B81 /* FruitDetailView.swift in Sources */ = {isa = PBXBuildFile; fileRef = F1397BB1258FC7C000375B81 /* FruitDetailView.swift */; };
		F1397BB6258FEF3900375B81 /* FruitHeaderView.swift in Sources */ = {isa = PBXBuildFile; fileRef = F1397BB5258FEF3900375B81 /* FruitHeaderView.swift */; };
		F1397BB9258FF89200375B81 /* SourceLinkView.swift in Sources */ = {isa = PBXBuildFile; fileRef = F1397BB8258FF89200375B81 /* SourceLinkView.swift */; };
		F1A1E72F2591502C00C4CEBD /* FruitNutritionsView.swift in Sources */ = {isa = PBXBuildFile; fileRef = F1A1E72E2591502C00C4CEBD /* FruitNutritionsView.swift */; };
		F1FF11E8258EAF9500851E43 /* FruitRowView.swift in Sources */ = {isa = PBXBuildFile; fileRef = F1FF11E7258EAF9500851E43 /* FruitRowView.swift */; };
/* End PBXBuildFile section */

/* Begin PBXFileReference section */
		F13213F6258D22AC002E1F66 /* Fructus.app */ = {isa = PBXFileReference; explicitFileType = wrapper.application; includeInIndex = 0; path = Fructus.app; sourceTree = BUILT_PRODUCTS_DIR; };
		F13213F9258D22AC002E1F66 /* FructusApp.swift */ = {isa = PBXFileReference; lastKnownFileType = sourcecode.swift; path = FructusApp.swift; sourceTree = "<group>"; };
		F13213FB258D22AC002E1F66 /* ContentView.swift */ = {isa = PBXFileReference; lastKnownFileType = sourcecode.swift; path = ContentView.swift; sourceTree = "<group>"; };
		F13213FD258D22AD002E1F66 /* Assets.xcassets */ = {isa = PBXFileReference; lastKnownFileType = folder.assetcatalog; path = Assets.xcassets; sourceTree = "<group>"; };
		F1321400258D22AD002E1F66 /* Preview Assets.xcassets */ = {isa = PBXFileReference; lastKnownFileType = folder.assetcatalog; path = "Preview Assets.xcassets"; sourceTree = "<group>"; };
		F1321402258D22AD002E1F66 /* Info.plist */ = {isa = PBXFileReference; lastKnownFileType = text.plist.xml; path = Info.plist; sourceTree = "<group>"; };
		F132140C258D3851002E1F66 /* FruitCard.swift */ = {isa = PBXFileReference; lastKnownFileType = sourcecode.swift; path = FruitCard.swift; sourceTree = "<group>"; };
		F132140F258D516F002E1F66 /* StartButtonView.swift */ = {isa = PBXFileReference; lastKnownFileType = sourcecode.swift; path = StartButtonView.swift; sourceTree = "<group>"; };
		F1321412258D6148002E1F66 /* OnboardingView.swift */ = {isa = PBXFileReference; lastKnownFileType = sourcecode.swift; path = OnboardingView.swift; sourceTree = "<group>"; };
		F1321416258D656A002E1F66 /* FruitModel.swift */ = {isa = PBXFileReference; lastKnownFileType = sourcecode.swift; path = FruitModel.swift; sourceTree = "<group>"; };
		F132141A258D6741002E1F66 /* FruitData.swift */ = {isa = PBXFileReference; lastKnownFileType = sourcecode.swift; path = FruitData.swift; sourceTree = "<group>"; };
		F1397BB1258FC7C000375B81 /* FruitDetailView.swift */ = {isa = PBXFileReference; lastKnownFileType = sourcecode.swift; path = FruitDetailView.swift; sourceTree = "<group>"; };
		F1397BB5258FEF3900375B81 /* FruitHeaderView.swift */ = {isa = PBXFileReference; lastKnownFileType = sourcecode.swift; path = FruitHeaderView.swift; sourceTree = "<group>"; };
		F1397BB8258FF89200375B81 /* SourceLinkView.swift */ = {isa = PBXFileReference; lastKnownFileType = sourcecode.swift; path = SourceLinkView.swift; sourceTree = "<group>"; };
		F1A1E72E2591502C00C4CEBD /* FruitNutritionsView.swift */ = {isa = PBXFileReference; lastKnownFileType = sourcecode.swift; path = FruitNutritionsView.swift; sourceTree = "<group>"; };
		F1FF11E7258EAF9500851E43 /* FruitRowView.swift */ = {isa = PBXFileReference; lastKnownFileType = sourcecode.swift; path = FruitRowView.swift; sourceTree = "<group>"; };
/* End PBXFileReference section */

/* Begin PBXFrameworksBuildPhase section */
		F13213F3258D22AC002E1F66 /* Frameworks */ = {
			isa = PBXFrameworksBuildPhase;
			buildActionMask = 2147483647;
			files = (
			);
			runOnlyForDeploymentPostprocessing = 0;
		};
/* End PBXFrameworksBuildPhase section */

/* Begin PBXGroup section */
		F13213ED258D22AC002E1F66 = {
			isa = PBXGroup;
			children = (
				F13213F8258D22AC002E1F66 /* Fructus */,
				F13213F7258D22AC002E1F66 /* Products */,
			);
			sourceTree = "<group>";
		};
		F13213F7258D22AC002E1F66 /* Products */ = {
			isa = PBXGroup;
			children = (
				F13213F6258D22AC002E1F66 /* Fructus.app */,
			);
			name = Products;
			sourceTree = "<group>";
		};
		F13213F8258D22AC002E1F66 /* Fructus */ = {
			isa = PBXGroup;
			children = (
				F132140A258D2F24002E1F66 /* App */,
				F132140B258D2FCB002E1F66 /* View */,
				F1321415258D6533002E1F66 /* Model */,
				F1321419258D6726002E1F66 /* Data */,
				F13213FD258D22AD002E1F66 /* Assets.xcassets */,
				F1321402258D22AD002E1F66 /* Info.plist */,
				F13213FF258D22AD002E1F66 /* Preview Content */,
			);
			path = Fructus;
			sourceTree = "<group>";
		};
		F13213FF258D22AD002E1F66 /* Preview Content */ = {
			isa = PBXGroup;
			children = (
				F1321400258D22AD002E1F66 /* Preview Assets.xcassets */,
			);
			path = "Preview Content";
			sourceTree = "<group>";
		};
		F132140A258D2F24002E1F66 /* App */ = {
			isa = PBXGroup;
			children = (
				F13213F9258D22AC002E1F66 /* FructusApp.swift */,
				F13213FB258D22AC002E1F66 /* ContentView.swift */,
				F1321412258D6148002E1F66 /* OnboardingView.swift */,
				F1397BB1258FC7C000375B81 /* FruitDetailView.swift */,
			);
			path = App;
			sourceTree = "<group>";
		};
		F132140B258D2FCB002E1F66 /* View */ = {
			isa = PBXGroup;
			children = (
				F132140C258D3851002E1F66 /* FruitCard.swift */,
				F132140F258D516F002E1F66 /* StartButtonView.swift */,
				F1FF11E7258EAF9500851E43 /* FruitRowView.swift */,
				F1397BB5258FEF3900375B81 /* FruitHeaderView.swift */,
				F1397BB8258FF89200375B81 /* SourceLinkView.swift */,
				F1A1E72E2591502C00C4CEBD /* FruitNutritionsView.swift */,
			);
			path = View;
			sourceTree = "<group>";
		};
		F1321415258D6533002E1F66 /* Model */ = {
			isa = PBXGroup;
			children = (
				F1321416258D656A002E1F66 /* FruitModel.swift */,
			);
			path = Model;
			sourceTree = "<group>";
		};
		F1321419258D6726002E1F66 /* Data */ = {
			isa = PBXGroup;
			children = (
				F132141A258D6741002E1F66 /* FruitData.swift */,
			);
			path = Data;
			sourceTree = "<group>";
		};
/* End PBXGroup section */

/* Begin PBXNativeTarget section */
		F13213F5258D22AC002E1F66 /* Fructus */ = {
			isa = PBXNativeTarget;
			buildConfigurationList = F1321405258D22AD002E1F66 /* Build configuration list for PBXNativeTarget "Fructus" */;
			buildPhases = (
				F13213F2258D22AC002E1F66 /* Sources */,
				F13213F3258D22AC002E1F66 /* Frameworks */,
				F13213F4258D22AC002E1F66 /* Resources */,
			);
			buildRules = (
			);
			dependencies = (
			);
			name = Fructus;
			productName = Fructus;
			productReference = F13213F6258D22AC002E1F66 /* Fructus.app */;
			productType = "com.apple.product-type.application";
		};
/* End PBXNativeTarget section */

/* Begin PBXProject section */
		F13213EE258D22AC002E1F66 /* Project object */ = {
			isa = PBXProject;
			attributes = {
				LastSwiftUpdateCheck = 1230;
				LastUpgradeCheck = 1230;
				TargetAttributes = {
					F13213F5258D22AC002E1F66 = {
						CreatedOnToolsVersion = 12.3;
					};
				};
			};
			buildConfigurationList = F13213F1258D22AC002E1F66 /* Build configuration list for PBXProject "Fructus" */;
			compatibilityVersion = "Xcode 9.3";
			developmentRegion = en;
			hasScannedForEncodings = 0;
			knownRegions = (
				en,
				Base,
			);
			mainGroup = F13213ED258D22AC002E1F66;
			productRefGroup = F13213F7258D22AC002E1F66 /* Products */;
			projectDirPath = "";
			projectRoot = "";
			targets = (
				F13213F5258D22AC002E1F66 /* Fructus */,
			);
		};
/* End PBXProject section */

/* Begin PBXResourcesBuildPhase section */
		F13213F4258D22AC002E1F66 /* Resources */ = {
			isa = PBXResourcesBuildPhase;
			buildActionMask = 2147483647;
			files = (
				F1321401258D22AD002E1F66 /* Preview Assets.xcassets in Resources */,
				F13213FE258D22AD002E1F66 /* Assets.xcassets in Resources */,
			);
			runOnlyForDeploymentPostprocessing = 0;
		};
/* End PBXResourcesBuildPhase section */

/* Begin PBXSourcesBuildPhase section */
		F13213F2258D22AC002E1F66 /* Sources */ = {
			isa = PBXSourcesBuildPhase;
			buildActionMask = 2147483647;
			files = (
				F1A1E72F2591502C00C4CEBD /* FruitNutritionsView.swift in Sources */,
				F132141B258D6741002E1F66 /* FruitData.swift in Sources */,
				F1397BB9258FF89200375B81 /* SourceLinkView.swift in Sources */,
				F13213FC258D22AC002E1F66 /* ContentView.swift in Sources */,
				F1FF11E8258EAF9500851E43 /* FruitRowView.swift in Sources */,
				F1321410258D5170002E1F66 /* StartButtonView.swift in Sources */,
				F1397BB2258FC7C000375B81 /* FruitDetailView.swift in Sources */,
				F132140D258D3851002E1F66 /* FruitCard.swift in Sources */,
				F1397BB6258FEF3900375B81 /* FruitHeaderView.swift in Sources */,
				F1321413258D6148002E1F66 /* OnboardingView.swift in Sources */,
				F1321417258D656A002E1F66 /* FruitModel.swift in Sources */,
				F13213FA258D22AC002E1F66 /* FructusApp.swift in Sources */,
			);
			runOnlyForDeploymentPostprocessing = 0;
		};
/* End PBXSourcesBuildPhase section */

/* Begin XCBuildConfiguration section */
		F1321403258D22AD002E1F66 /* Debug */ = {
			isa = XCBuildConfiguration;
			buildSettings = {
				ALWAYS_SEARCH_USER_PATHS = NO;
				CLANG_ANALYZER_NONNULL = YES;
				CLANG_ANALYZER_NUMBER_OBJECT_CONVERSION = YES_AGGRESSIVE;
				CLANG_CXX_LANGUAGE_STANDARD = "gnu++14";
				CLANG_CXX_LIBRARY = "libc++";
				CLANG_ENABLE_MODULES = YES;
				CLANG_ENABLE_OBJC_ARC = YES;
				CLANG_ENABLE_OBJC_WEAK = YES;
				CLANG_WARN_BLOCK_CAPTURE_AUTORELEASING = YES;
				CLANG_WARN_BOOL_CONVERSION = YES;
				CLANG_WARN_COMMA = YES;
				CLANG_WARN_CONSTANT_CONVERSION = YES;
				CLANG_WARN_DEPRECATED_OBJC_IMPLEMENTATIONS = YES;
				CLANG_WARN_DIRECT_OBJC_ISA_USAGE = YES_ERROR;
				CLANG_WARN_DOCUMENTATION_COMMENTS = YES;
				CLANG_WARN_EMPTY_BODY = YES;
				CLANG_WARN_ENUM_CONVERSION = YES;
				CLANG_WARN_INFINITE_RECURSION = YES;
				CLANG_WARN_INT_CONVERSION = YES;
				CLANG_WARN_NON_LITERAL_NULL_CONVERSION = YES;
				CLANG_WARN_OBJC_IMPLICIT_RETAIN_SELF = YES;
				CLANG_WARN_OBJC_LITERAL_CONVERSION = YES;
				CLANG_WARN_OBJC_ROOT_CLASS = YES_ERROR;
				CLANG_WARN_QUOTED_INCLUDE_IN_FRAMEWORK_HEADER = YES;
				CLANG_WARN_RANGE_LOOP_ANALYSIS = YES;
				CLANG_WARN_STRICT_PROTOTYPES = YES;
				CLANG_WARN_SUSPICIOUS_MOVE = YES;
				CLANG_WARN_UNGUARDED_AVAILABILITY = YES_AGGRESSIVE;
				CLANG_WARN_UNREACHABLE_CODE = YES;
				CLANG_WARN__DUPLICATE_METHOD_MATCH = YES;
				COPY_PHASE_STRIP = NO;
				DEBUG_INFORMATION_FORMAT = dwarf;
				ENABLE_STRICT_OBJC_MSGSEND = YES;
				ENABLE_TESTABILITY = YES;
				GCC_C_LANGUAGE_STANDARD = gnu11;
				GCC_DYNAMIC_NO_PIC = NO;
				GCC_NO_COMMON_BLOCKS = YES;
				GCC_OPTIMIZATION_LEVEL = 0;
				GCC_PREPROCESSOR_DEFINITIONS = (
					"DEBUG=1",
					"$(inherited)",
				);
				GCC_WARN_64_TO_32_BIT_CONVERSION = YES;
				GCC_WARN_ABOUT_RETURN_TYPE = YES_ERROR;
				GCC_WARN_UNDECLARED_SELECTOR = YES;
				GCC_WARN_UNINITIALIZED_AUTOS = YES_AGGRESSIVE;
				GCC_WARN_UNUSED_FUNCTION = YES;
				GCC_WARN_UNUSED_VARIABLE = YES;
				IPHONEOS_DEPLOYMENT_TARGET = 14.3;
				MTL_ENABLE_DEBUG_INFO = INCLUDE_SOURCE;
				MTL_FAST_MATH = YES;
				ONLY_ACTIVE_ARCH = YES;
				SDKROOT = iphoneos;
				SWIFT_ACTIVE_COMPILATION_CONDITIONS = DEBUG;
				SWIFT_OPTIMIZATION_LEVEL = "-Onone";
			};
			name = Debug;
		};
		F1321404258D22AD002E1F66 /* Release */ = {
			isa = XCBuildConfiguration;
			buildSettings = {
				ALWAYS_SEARCH_USER_PATHS = NO;
				CLANG_ANALYZER_NONNULL = YES;
				CLANG_ANALYZER_NUMBER_OBJECT_CONVERSION = YES_AGGRESSIVE;
				CLANG_CXX_LANGUAGE_STANDARD = "gnu++14";
				CLANG_CXX_LIBRARY = "libc++";
				CLANG_ENABLE_MODULES = YES;
				CLANG_ENABLE_OBJC_ARC = YES;
				CLANG_ENABLE_OBJC_WEAK = YES;
				CLANG_WARN_BLOCK_CAPTURE_AUTORELEASING = YES;
				CLANG_WARN_BOOL_CONVERSION = YES;
				CLANG_WARN_COMMA = YES;
				CLANG_WARN_CONSTANT_CONVERSION = YES;
				CLANG_WARN_DEPRECATED_OBJC_IMPLEMENTATIONS = YES;
				CLANG_WARN_DIRECT_OBJC_ISA_USAGE = YES_ERROR;
				CLANG_WARN_DOCUMENTATION_COMMENTS = YES;
				CLANG_WARN_EMPTY_BODY = YES;
				CLANG_WARN_ENUM_CONVERSION = YES;
				CLANG_WARN_INFINITE_RECURSION = YES;
				CLANG_WARN_INT_CONVERSION = YES;
				CLANG_WARN_NON_LITERAL_NULL_CONVERSION = YES;
				CLANG_WARN_OBJC_IMPLICIT_RETAIN_SELF = YES;
				CLANG_WARN_OBJC_LITERAL_CONVERSION = YES;
				CLANG_WARN_OBJC_ROOT_CLASS = YES_ERROR;
				CLANG_WARN_QUOTED_INCLUDE_IN_FRAMEWORK_HEADER = YES;
				CLANG_WARN_RANGE_LOOP_ANALYSIS = YES;
				CLANG_WARN_STRICT_PROTOTYPES = YES;
				CLANG_WARN_SUSPICIOUS_MOVE = YES;
				CLANG_WARN_UNGUARDED_AVAILABILITY = YES_AGGRESSIVE;
				CLANG_WARN_UNREACHABLE_CODE = YES;
				CLANG_WARN__DUPLICATE_METHOD_MATCH = YES;
				COPY_PHASE_STRIP = NO;
				DEBUG_INFORMATION_FORMAT = "dwarf-with-dsym";
				ENABLE_NS_ASSERTIONS = NO;
				ENABLE_STRICT_OBJC_MSGSEND = YES;
				GCC_C_LANGUAGE_STANDARD = gnu11;
				GCC_NO_COMMON_BLOCKS = YES;
				GCC_WARN_64_TO_32_BIT_CONVERSION = YES;
				GCC_WARN_ABOUT_RETURN_TYPE = YES_ERROR;
				GCC_WARN_UNDECLARED_SELECTOR = YES;
				GCC_WARN_UNINITIALIZED_AUTOS = YES_AGGRESSIVE;
				GCC_WARN_UNUSED_FUNCTION = YES;
				GCC_WARN_UNUSED_VARIABLE = YES;
				IPHONEOS_DEPLOYMENT_TARGET = 14.3;
				MTL_ENABLE_DEBUG_INFO = NO;
				MTL_FAST_MATH = YES;
				SDKROOT = iphoneos;
				SWIFT_COMPILATION_MODE = wholemodule;
				SWIFT_OPTIMIZATION_LEVEL = "-O";
				VALIDATE_PRODUCT = YES;
			};
			name = Release;
		};
		F1321406258D22AD002E1F66 /* Debug */ = {
			isa = XCBuildConfiguration;
			buildSettings = {
				ASSETCATALOG_COMPILER_APPICON_NAME = AppIcon;
				ASSETCATALOG_COMPILER_GLOBAL_ACCENT_COLOR_NAME = AccentColor;
				CODE_SIGN_STYLE = Automatic;
				DEVELOPMENT_ASSET_PATHS = "\"Fructus/Preview Content\"";
				ENABLE_PREVIEWS = YES;
				INFOPLIST_FILE = Fructus/Info.plist;
				IPHONEOS_DEPLOYMENT_TARGET = 14.0;
				LD_RUNPATH_SEARCH_PATHS = (
					"$(inherited)",
					"@executable_path/Frameworks",
				);
				PRODUCT_BUNDLE_IDENTIFIER = com.sameliuk.Fructus;
				PRODUCT_NAME = "$(TARGET_NAME)";
				SWIFT_VERSION = 5.0;
				TARGETED_DEVICE_FAMILY = "1,2";
			};
			name = Debug;
		};
		F1321407258D22AD002E1F66 /* Release */ = {
			isa = XCBuildConfiguration;
			buildSettings = {
				ASSETCATALOG_COMPILER_APPICON_NAME = AppIcon;
				ASSETCATALOG_COMPILER_GLOBAL_ACCENT_COLOR_NAME = AccentColor;
				CODE_SIGN_STYLE = Automatic;
				DEVELOPMENT_ASSET_PATHS = "\"Fructus/Preview Content\"";
				ENABLE_PREVIEWS = YES;
				INFOPLIST_FILE = Fructus/Info.plist;
				IPHONEOS_DEPLOYMENT_TARGET = 14.0;
				LD_RUNPATH_SEARCH_PATHS = (
					"$(inherited)",
					"@executable_path/Frameworks",
				);
				PRODUCT_BUNDLE_IDENTIFIER = com.sameliuk.Fructus;
				PRODUCT_NAME = "$(TARGET_NAME)";
				SWIFT_VERSION = 5.0;
				TARGETED_DEVICE_FAMILY = "1,2";
			};
			name = Release;
		};
/* End XCBuildConfiguration section */

/* Begin XCConfigurationList section */
		F13213F1258D22AC002E1F66 /* Build configuration list for PBXProject "Fructus" */ = {
			isa = XCConfigurationList;
			buildConfigurations = (
				F1321403258D22AD002E1F66 /* Debug */,
				F1321404258D22AD002E1F66 /* Release */,
			);
			defaultConfigurationIsVisible = 0;
			defaultConfigurationName = Release;
		};
		F1321405258D22AD002E1F66 /* Build configuration list for PBXNativeTarget "Fructus" */ = {
			isa = XCConfigurationList;
			buildConfigurations = (
				F1321406258D22AD002E1F66 /* Debug */,
				F1321407258D22AD002E1F66 /* Release */,
			);
			defaultConfigurationIsVisible = 0;
			defaultConfigurationName = Release;
		};
/* End XCConfigurationList section */
	};
	rootObject = F13213EE258D22AC002E1F66 /* Project object */;
}
